
Microsoft Visual Studio Solution File, Format Version 12.00
# Visual Studio Version 16
VisualStudioVersion = 16.0.31605.320
MinimumVisualStudioVersion = 10.0.40219.1
Project("{FAE04EC0-301F-11D3-BF4B-00C04F79EFBC}") = "JuniperOrder.Android", "JuniperOrder\JuniperOrder.Android\JuniperOrder.Android.csproj", "{9DAA219C-0C31-4A65-B090-3C789654D9C1}"
EndProject
Project("{FAE04EC0-301F-11D3-BF4B-00C04F79EFBC}") = "JuniperOrder.iOS", "JuniperOrder\JuniperOrder.iOS\JuniperOrder.iOS.csproj", "{0501FE5B-5C24-488A-ACEC-715B9DD905DE}"
EndProject
Project("{FAE04EC0-301F-11D3-BF4B-00C04F79EFBC}") = "JuniperOrder", "JuniperOrder\JuniperOrder\JuniperOrder.csproj", "{04ABB187-5395-43F8-B12F-CF520840364E}"
EndProject
Global
	GlobalSection(SolutionConfigurationPlatforms) = preSolution
		Debug|Any CPU = Debug|Any CPU
		Debug|iPhone = Debug|iPhone
		Debug|iPhoneSimulator = Debug|iPhoneSimulator
		Release|Any CPU = Release|Any CPU
		Release|iPhone = Release|iPhone
		Release|iPhoneSimulator = Release|iPhoneSimulator
	EndGlobalSection
	GlobalSection(ProjectConfigurationPlatforms) = postSolution
		{9DAA219C-0C31-4A65-B090-3C789654D9C1}.Debug|Any CPU.ActiveCfg = Debug|Any CPU
		{9DAA219C-0C31-4A65-B090-3C789654D9C1}.Debug|Any CPU.Build.0 = Debug|Any CPU
		{9DAA219C-0C31-4A65-B090-3C789654D9C1}.Debug|Any CPU.Deploy.0 = Debug|Any CPU
		{9DAA219C-0C31-4A65-B090-3C789654D9C1}.Debug|iPhone.ActiveCfg = Debug|Any CPU
		{9DAA219C-0C31-4A65-B090-3C789654D9C1}.Debug|iPhone.Build.0 = Debug|Any CPU
		{9DAA219C-0C31-4A65-B090-3C789654D9C1}.Debug|iPhone.Deploy.0 = Debug|Any CPU
		{9DAA219C-0C31-4A65-B090-3C789654D9C1}.Debug|iPhoneSimulator.ActiveCfg = Debug|Any CPU
		{9DAA219C-0C31-4A65-B090-3C789654D9C1}.Debug|iPhoneSimulator.Build.0 = Debug|Any CPU
		{9DAA219C-0C31-4A65-B090-3C789654D9C1}.Debug|iPhoneSimulator.Deploy.0 = Debug|Any CPU
		{9DAA219C-0C31-4A65-B090-3C789654D9C1}.Release|Any CPU.ActiveCfg = Release|Any CPU
		{9DAA219C-0C31-4A65-B090-3C789654D9C1}.Release|Any CPU.Build.0 = Release|Any CPU
		{9DAA219C-0C31-4A65-B090-3C789654D9C1}.Release|Any CPU.Deploy.0 = Release|Any CPU
		{9DAA219C-0C31-4A65-B090-3C789654D9C1}.Release|iPhone.ActiveCfg = Release|Any CPU
		{9DAA219C-0C31-4A65-B090-3C789654D9C1}.Release|iPhone.Build.0 = Release|Any CPU
		{9DAA219C-0C31-4A65-B090-3C789654D9C1}.Release|iPhone.Deploy.0 = Release|Any CPU
		{9DAA219C-0C31-4A65-B090-3C789654D9C1}.Release|iPhoneSimulator.ActiveCfg = Release|Any CPU
		{9DAA219C-0C31-4A65-B090-3C789654D9C1}.Release|iPhoneSimulator.Build.0 = Release|Any CPU
		{9DAA219C-0C31-4A65-B090-3C789654D9C1}.Release|iPhoneSimulator.Deploy.0 = Release|Any CPU
		{0501FE5B-5C24-488A-ACEC-715B9DD905DE}.Debug|Any CPU.ActiveCfg = Debug|iPhone
		{0501FE5B-5C24-488A-ACEC-715B9DD905DE}.Debug|Any CPU.Build.0 = Debug|iPhone
		{0501FE5B-5C24-488A-ACEC-715B9DD905DE}.Debug|Any CPU.Deploy.0 = Debug|iPhone
		{0501FE5B-5C24-488A-ACEC-715B9DD905DE}.Debug|iPhone.ActiveCfg = Debug|iPhone
		{0501FE5B-5C24-488A-ACEC-715B9DD905DE}.Debug|iPhone.Build.0 = Debug|iPhone
		{0501FE5B-5C24-488A-ACEC-715B9DD905DE}.Debug|iPhone.Deploy.0 = Debug|iPhone
		{0501FE5B-5C24-488A-ACEC-715B9DD905DE}.Debug|iPhoneSimulator.ActiveCfg = Debug|iPhoneSimulator
		{0501FE5B-5C24-488A-ACEC-715B9DD905DE}.Debug|iPhoneSimulator.Build.0 = Debug|iPhoneSimulator
		{0501FE5B-5C24-488A-ACEC-715B9DD905DE}.Debug|iPhoneSimulator.Deploy.0 = Debug|iPhoneSimulator
		{0501FE5B-5C24-488A-ACEC-715B9DD905DE}.Release|Any CPU.ActiveCfg = Release|iPhoneSimulator
		{0501FE5B-5C24-488A-ACEC-715B9DD905DE}.Release|Any CPU.Build.0 = Release|iPhoneSimulator
		{0501FE5B-5C24-488A-ACEC-715B9DD905DE}.Release|Any CPU.Deploy.0 = Release|iPhoneSimulator
		{0501FE5B-5C24-488A-ACEC-715B9DD905DE}.Release|iPhone.ActiveCfg = Release|iPhone
		{0501FE5B-5C24-488A-ACEC-715B9DD905DE}.Release|iPhone.Build.0 = Release|iPhone
		{0501FE5B-5C24-488A-ACEC-715B9DD905DE}.Release|iPhone.Deploy.0 = Release|iPhone
		{0501FE5B-5C24-488A-ACEC-715B9DD905DE}.Release|iPhoneSimulator.ActiveCfg = Release|iPhoneSimulator
		{0501FE5B-5C24-488A-ACEC-715B9DD905DE}.Release|iPhoneSimulator.Build.0 = Release|iPhoneSimulator
		{0501FE5B-5C24-488A-ACEC-715B9DD905DE}.Release|iPhoneSimulator.Deploy.0 = Release|iPhoneSimulator
		{04ABB187-5395-43F8-B12F-CF520840364E}.Debug|Any CPU.ActiveCfg = Debug|Any CPU
		{04ABB187-5395-43F8-B12F-CF520840364E}.Debug|Any CPU.Build.0 = Debug|Any CPU
		{04ABB187-5395-43F8-B12F-CF520840364E}.Debug|Any CPU.Deploy.0 = Debug|Any CPU
		{04ABB187-5395-43F8-B12F-CF520840364E}.Debug|iPhone.ActiveCfg = Debug|Any CPU
		{04ABB187-5395-43F8-B12F-CF520840364E}.Debug|iPhone.Build.0 = Debug|Any CPU
		{04ABB187-5395-43F8-B12F-CF520840364E}.Debug|iPhone.Deploy.0 = Debug|Any CPU
		{04ABB187-5395-43F8-B12F-CF520840364E}.Debug|iPhoneSimulator.ActiveCfg = Debug|Any CPU
		{04ABB187-5395-43F8-B12F-CF520840364E}.Debug|iPhoneSimulator.Build.0 = Debug|Any CPU
		{04ABB187-5395-43F8-B12F-CF520840364E}.Debug|iPhoneSimulator.Deploy.0 = Debug|Any CPU
		{04ABB187-5395-43F8-B12F-CF520840364E}.Release|Any CPU.ActiveCfg = Release|Any CPU
		{04ABB187-5395-43F8-B12F-CF520840364E}.Release|Any CPU.Build.0 = Release|Any CPU
		{04ABB187-5395-43F8-B12F-CF520840364E}.Release|Any CPU.Deploy.0 = Release|Any CPU
		{04ABB187-5395-43F8-B12F-CF520840364E}.Release|iPhone.ActiveCfg = Release|Any CPU
		{04ABB187-5395-43F8-B12F-CF520840364E}.Release|iPhone.Build.0 = Release|Any CPU
		{04ABB187-5395-43F8-B12F-CF520840364E}.Release|iPhone.Deploy.0 = Release|Any CPU
		{04ABB187-5395-43F8-B12F-CF520840364E}.Release|iPhoneSimulator.ActiveCfg = Release|Any CPU
		{04ABB187-5395-43F8-B12F-CF520840364E}.Release|iPhoneSimulator.Build.0 = Release|Any CPU
		{04ABB187-5395-43F8-B12F-CF520840364E}.Release|iPhoneSimulator.Deploy.0 = Release|Any CPU
	EndGlobalSection
	GlobalSection(SolutionProperties) = preSolution
		HideSolutionNode = FALSE
	EndGlobalSection
	GlobalSection(ExtensibilityGlobals) = postSolution
		SolutionGuid = {68508D0C-1636-426C-9060-BAB338A26245}
	EndGlobalSection
EndGlobal
